
Microsoft Visual Studio Solution File, Format Version 12.00
# Visual Studio Version 16
VisualStudioVersion = 16.0.29509.3
MinimumVisualStudioVersion = 15.0.26124.0
Project("{9A19103F-16F7-4668-BE54-9A1E7A4F7556}") = "LightsOut.Api", "LightsOut.Api\LightsOut.Api.csproj", "{7A5326C1-3AA1-436F-B9BC-0AFECEC53231}"
EndProject
Project("{FAE04EC0-301F-11D3-BF4B-00C04F79EFBC}") = "LightsOut.App", "LightsOut.App\LightsOut.App.csproj", "{55C00B95-8469-4277-BB46-17FC5216C31F}"
EndProject
Global
	GlobalSection(SolutionConfigurationPlatforms) = preSolution
		Debug|Any CPU = Debug|Any CPU
		Debug|x64 = Debug|x64
		Debug|x86 = Debug|x86
		Release|Any CPU = Release|Any CPU
		Release|x64 = Release|x64
		Release|x86 = Release|x86
	EndGlobalSection
	GlobalSection(ProjectConfigurationPlatforms) = postSolution
		{7A5326C1-3AA1-436F-B9BC-0AFECEC53231}.Debug|Any CPU.ActiveCfg = Debug|Any CPU
		{7A5326C1-3AA1-436F-B9BC-0AFECEC53231}.Debug|Any CPU.Build.0 = Debug|Any CPU
		{7A5326C1-3AA1-436F-B9BC-0AFECEC53231}.Debug|x64.ActiveCfg = Debug|Any CPU
		{7A5326C1-3AA1-436F-B9BC-0AFECEC53231}.Debug|x64.Build.0 = Debug|Any CPU
		{7A5326C1-3AA1-436F-B9BC-0AFECEC53231}.Debug|x86.ActiveCfg = Debug|Any CPU
		{7A5326C1-3AA1-436F-B9BC-0AFECEC53231}.Debug|x86.Build.0 = Debug|Any CPU
		{7A5326C1-3AA1-436F-B9BC-0AFECEC53231}.Release|Any CPU.ActiveCfg = Release|Any CPU
		{7A5326C1-3AA1-436F-B9BC-0AFECEC53231}.Release|Any CPU.Build.0 = Release|Any CPU
		{7A5326C1-3AA1-436F-B9BC-0AFECEC53231}.Release|x64.ActiveCfg = Release|Any CPU
		{7A5326C1-3AA1-436F-B9BC-0AFECEC53231}.Release|x64.Build.0 = Release|Any CPU
		{7A5326C1-3AA1-436F-B9BC-0AFECEC53231}.Release|x86.ActiveCfg = Release|Any CPU
		{7A5326C1-3AA1-436F-B9BC-0AFECEC53231}.Release|x86.Build.0 = Release|Any CPU
		{55C00B95-8469-4277-BB46-17FC5216C31F}.Debug|Any CPU.ActiveCfg = Debug|Any CPU
		{55C00B95-8469-4277-BB46-17FC5216C31F}.Debug|Any CPU.Build.0 = Debug|Any CPU
		{55C00B95-8469-4277-BB46-17FC5216C31F}.Debug|x64.ActiveCfg = Debug|Any CPU
		{55C00B95-8469-4277-BB46-17FC5216C31F}.Debug|x64.Build.0 = Debug|Any CPU
		{55C00B95-8469-4277-BB46-17FC5216C31F}.Debug|x86.ActiveCfg = Debug|Any CPU
		{55C00B95-8469-4277-BB46-17FC5216C31F}.Debug|x86.Build.0 = Debug|Any CPU
		{55C00B95-8469-4277-BB46-17FC5216C31F}.Release|Any CPU.ActiveCfg = Release|Any CPU
		{55C00B95-8469-4277-BB46-17FC5216C31F}.Release|Any CPU.Build.0 = Release|Any CPU
		{55C00B95-8469-4277-BB46-17FC5216C31F}.Release|x64.ActiveCfg = Release|Any CPU
		{55C00B95-8469-4277-BB46-17FC5216C31F}.Release|x64.Build.0 = Release|Any CPU
		{55C00B95-8469-4277-BB46-17FC5216C31F}.Release|x86.ActiveCfg = Release|Any CPU
		{55C00B95-8469-4277-BB46-17FC5216C31F}.Release|x86.Build.0 = Release|Any CPU
	EndGlobalSection
	GlobalSection(SolutionProperties) = preSolution
		HideSolutionNode = FALSE
	EndGlobalSection
	GlobalSection(ExtensibilityGlobals) = postSolution
		SolutionGuid = {D3D2A0BD-B3F2-4C90-AC24-3AD2326DB1EA}
	EndGlobalSection
EndGlobal
